
Microsoft Visual Studio Solution File, Format Version 12.00
# Visual Studio 14
VisualStudioVersion = 14.0.25123.0
MinimumVisualStudioVersion = 10.0.40219.1
Project("{FAE04EC0-301F-11D3-BF4B-00C04F79EFBC}") = "Authority.DomainModel", "Authority.DomainModel\Authority.DomainModel.csproj", "{1FA094F2-153A-4378-9AD6-5831BA75F7E3}"
EndProject
Project("{FAE04EC0-301F-11D3-BF4B-00C04F79EFBC}") = "Authority.EntityFramework", "Authority.EntityFramework\Authority.EntityFramework.csproj", "{7A73F2F0-6134-4530-B457-C39C3C030ED1}"
EndProject
Project("{FAE04EC0-301F-11D3-BF4B-00C04F79EFBC}") = "Authority.Operations", "Authority.Operations\Authority.Operations.csproj", "{0AB076B7-5ED6-4EB0-B5B3-435E181F7D4F}"
EndProject
Project("{FAE04EC0-301F-11D3-BF4B-00C04F79EFBC}") = "Authority.IntegrationTests", "Authority.IntegrationTests\Authority.IntegrationTests.csproj", "{8C7AFD60-182C-422C-AD5A-A078B72EC00B}"
EndProject
Global
	GlobalSection(SolutionConfigurationPlatforms) = preSolution
		Debug|Any CPU = Debug|Any CPU
		Release|Any CPU = Release|Any CPU
	EndGlobalSection
	GlobalSection(ProjectConfigurationPlatforms) = postSolution
		{1FA094F2-153A-4378-9AD6-5831BA75F7E3}.Debug|Any CPU.ActiveCfg = Debug|Any CPU
		{1FA094F2-153A-4378-9AD6-5831BA75F7E3}.Debug|Any CPU.Build.0 = Debug|Any CPU
		{1FA094F2-153A-4378-9AD6-5831BA75F7E3}.Release|Any CPU.ActiveCfg = Release|Any CPU
		{1FA094F2-153A-4378-9AD6-5831BA75F7E3}.Release|Any CPU.Build.0 = Release|Any CPU
		{7A73F2F0-6134-4530-B457-C39C3C030ED1}.Debug|Any CPU.ActiveCfg = Debug|Any CPU
		{7A73F2F0-6134-4530-B457-C39C3C030ED1}.Debug|Any CPU.Build.0 = Debug|Any CPU
		{7A73F2F0-6134-4530-B457-C39C3C030ED1}.Release|Any CPU.ActiveCfg = Release|Any CPU
		{7A73F2F0-6134-4530-B457-C39C3C030ED1}.Release|Any CPU.Build.0 = Release|Any CPU
		{0AB076B7-5ED6-4EB0-B5B3-435E181F7D4F}.Debug|Any CPU.ActiveCfg = Debug|Any CPU
		{0AB076B7-5ED6-4EB0-B5B3-435E181F7D4F}.Debug|Any CPU.Build.0 = Debug|Any CPU
		{0AB076B7-5ED6-4EB0-B5B3-435E181F7D4F}.Release|Any CPU.ActiveCfg = Release|Any CPU
		{0AB076B7-5ED6-4EB0-B5B3-435E181F7D4F}.Release|Any CPU.Build.0 = Release|Any CPU
		{8C7AFD60-182C-422C-AD5A-A078B72EC00B}.Debug|Any CPU.ActiveCfg = Debug|Any CPU
		{8C7AFD60-182C-422C-AD5A-A078B72EC00B}.Debug|Any CPU.Build.0 = Debug|Any CPU
		{8C7AFD60-182C-422C-AD5A-A078B72EC00B}.Release|Any CPU.ActiveCfg = Release|Any CPU
		{8C7AFD60-182C-422C-AD5A-A078B72EC00B}.Release|Any CPU.Build.0 = Release|Any CPU
	EndGlobalSection
	GlobalSection(SolutionProperties) = preSolution
		HideSolutionNode = FALSE
	EndGlobalSection
EndGlobal
